
Microsoft Visual Studio Solution File, Format Version 12.00
# Visual Studio Version 16
VisualStudioVersion = 16.0.33130.400
MinimumVisualStudioVersion = 10.0.40219.1
Project("{FAE04EC0-301F-11D3-BF4B-00C04F79EFBC}") = "assignment1", "assignment1\assignment1.csproj", "{C9EF3539-0918-4405-B289-2CFF67FAA954}"
EndProject
Project("{FAE04EC0-301F-11D3-BF4B-00C04F79EFBC}") = "assignmentTestCase", "assignmentTestCase\assignmentTestCase.csproj", "{B89917ED-5941-4444-985A-7DC3559F993B}"
EndProject
Project("{FAE04EC0-301F-11D3-BF4B-00C04F79EFBC}") = "LenghtHelper", "LenghtHelper\LenghtHelper.csproj", "{58325004-8758-4A6D-84FD-EF85A85A47C1}"
EndProject
Global
	GlobalSection(SolutionConfigurationPlatforms) = preSolution
		Debug|Any CPU = Debug|Any CPU
		Release|Any CPU = Release|Any CPU
	EndGlobalSection
	GlobalSection(ProjectConfigurationPlatforms) = postSolution
		{C9EF3539-0918-4405-B289-2CFF67FAA954}.Debug|Any CPU.ActiveCfg = Debug|Any CPU
		{C9EF3539-0918-4405-B289-2CFF67FAA954}.Debug|Any CPU.Build.0 = Debug|Any CPU
		{C9EF3539-0918-4405-B289-2CFF67FAA954}.Release|Any CPU.ActiveCfg = Release|Any CPU
		{C9EF3539-0918-4405-B289-2CFF67FAA954}.Release|Any CPU.Build.0 = Release|Any CPU
		{B89917ED-5941-4444-985A-7DC3559F993B}.Debug|Any CPU.ActiveCfg = Debug|Any CPU
		{B89917ED-5941-4444-985A-7DC3559F993B}.Debug|Any CPU.Build.0 = Debug|Any CPU
		{B89917ED-5941-4444-985A-7DC3559F993B}.Release|Any CPU.ActiveCfg = Release|Any CPU
		{B89917ED-5941-4444-985A-7DC3559F993B}.Release|Any CPU.Build.0 = Release|Any CPU
		{58325004-8758-4A6D-84FD-EF85A85A47C1}.Debug|Any CPU.ActiveCfg = Debug|Any CPU
		{58325004-8758-4A6D-84FD-EF85A85A47C1}.Debug|Any CPU.Build.0 = Debug|Any CPU
		{58325004-8758-4A6D-84FD-EF85A85A47C1}.Release|Any CPU.ActiveCfg = Release|Any CPU
		{58325004-8758-4A6D-84FD-EF85A85A47C1}.Release|Any CPU.Build.0 = Release|Any CPU
	EndGlobalSection
	GlobalSection(SolutionProperties) = preSolution
		HideSolutionNode = FALSE
	EndGlobalSection
	GlobalSection(ExtensibilityGlobals) = postSolution
		SolutionGuid = {9AFF3E16-A0DF-4EFA-8331-5916126C99D7}
	EndGlobalSection
EndGlobal
